
Microsoft Visual Studio Solution File, Format Version 12.00
# Visual Studio Version 16
VisualStudioVersion = 16.0.31624.102
MinimumVisualStudioVersion = 10.0.40219.1
Project("{9A19103F-16F7-4668-BE54-9A1E7A4F7556}") = "MCVArticles", "MCVArticles\MCVArticles.csproj", "{90358788-9019-4E3C-B9F9-7EC5DEC5A717}"
EndProject
Global
	GlobalSection(SolutionConfigurationPlatforms) = preSolution
		Debug|Any CPU = Debug|Any CPU
		Release|Any CPU = Release|Any CPU
	EndGlobalSection
	GlobalSection(ProjectConfigurationPlatforms) = postSolution
		{90358788-9019-4E3C-B9F9-7EC5DEC5A717}.Debug|Any CPU.ActiveCfg = Debug|Any CPU
		{90358788-9019-4E3C-B9F9-7EC5DEC5A717}.Debug|Any CPU.Build.0 = Debug|Any CPU
		{90358788-9019-4E3C-B9F9-7EC5DEC5A717}.Release|Any CPU.ActiveCfg = Release|Any CPU
		{90358788-9019-4E3C-B9F9-7EC5DEC5A717}.Release|Any CPU.Build.0 = Release|Any CPU
	EndGlobalSection
	GlobalSection(SolutionProperties) = preSolution
		HideSolutionNode = FALSE
	EndGlobalSection
	GlobalSection(ExtensibilityGlobals) = postSolution
		SolutionGuid = {2074B71E-B1FD-4566-B3AE-929C64DD9229}
	EndGlobalSection
EndGlobal
